{
  "requires": true,
  "lockfileVersion": 1,
  "dependencies": {
    "com.telerik.plugins.nativepagetransitions": {
      "version": "git+https://github.com/Telerik-Verified-Plugins/NativePageTransitions.git#b3e01b655dfea16adf0c479582155f26586632e1",
      "integrity": "sha1-E67FN9FkgSCYMKw0xuaZVBKeujI="
    },
    "cordova-plugin-camera": {
      "version": "git+https://github.com/apache/cordova-plugin-camera.git#43b3a911c241aa48f2bed1af3049905d835bfce8"
    },
    "cordova-plugin-native-transitions": {
      "version": "https://registry.npmjs.org/cordova-plugin-native-transitions/-/cordova-plugin-native-transitions-0.2.3.tgz",
      "integrity": "sha1-rZQDu56fc1U0XRYjgmreb1CjHq8="
    }
  }
}
